
Microsoft Visual Studio Solution File, Format Version 12.00
# Visual Studio Version 16
VisualStudioVersion = 16.0.32602.291
MinimumVisualStudioVersion = 10.0.40219.1
Project("{9A19103F-16F7-4668-BE54-9A1E7A4F7556}") = "Console", "Course.Net_Homework\Console.csproj", "{40663E01-D9FA-4B47-9564-72918789D974}"
	ProjectSection(ProjectDependencies) = postProject
		{E2F3CAD0-CA1D-4964-ADA4-79E535495581} = {E2F3CAD0-CA1D-4964-ADA4-79E535495581}
	EndProjectSection
EndProject
Project("{9A19103F-16F7-4668-BE54-9A1E7A4F7556}") = "Helpers", "Helpers\Helpers.csproj", "{E2F3CAD0-CA1D-4964-ADA4-79E535495581}"
EndProject
Project("{FAE04EC0-301F-11D3-BF4B-00C04F79EFBC}") = "Lesson7", "Lesson7\Lesson7.csproj", "{1BC27A05-42CB-4EA6-9B1E-ED78553C1FAA}"
EndProject
Project("{FAE04EC0-301F-11D3-BF4B-00C04F79EFBC}") = "Helpers.Tests", "Helpers.Tests\Helpers.Tests.csproj", "{CE3DFAB0-23A0-4C5A-A312-30D3E5BE13DF}"
EndProject
Project("{FAE04EC0-301F-11D3-BF4B-00C04F79EFBC}") = "DataStructuresLibrary", "DataStructuresLibrary\DataStructuresLibrary.csproj", "{3B49A91E-3948-41BC-8BDE-4E754DF01BB5}"
EndProject
Project("{FAE04EC0-301F-11D3-BF4B-00C04F79EFBC}") = "DataStructures.Tests", "DataStructures.Tests\DataStructures.Tests.csproj", "{88319F1E-3CB3-4B21-A2B6-ABEE3502AA0E}"
EndProject
Project("{FAE04EC0-301F-11D3-BF4B-00C04F79EFBC}") = "Delegates", "Delegates\Delegates.csproj", "{9EBECC98-8510-4F2C-BA5A-3B37D6E67D03}"
EndProject
Project("{FAE04EC0-301F-11D3-BF4B-00C04F79EFBC}") = "Delegates.Tests", "Delegates.Tests\Delegates.Tests.csproj", "{6CFC508A-1EB0-4991-AF21-749D718EB255}"
EndProject
Project("{FAE04EC0-301F-11D3-BF4B-00C04F79EFBC}") = "EFDemo", "EFDemo\EFDemo.csproj", "{49B173C9-AC6D-4B43-9BC0-9F6BC79F180A}"
EndProject
Project("{FAE04EC0-301F-11D3-BF4B-00C04F79EFBC}") = "OOPClasses", "OOPClasses\OOPClasses.csproj", "{7417E117-8FCD-4912-AB93-41CC80E0D33E}"
EndProject
Project("{FAE04EC0-301F-11D3-BF4B-00C04F79EFBC}") = "OOPClasses.Tests", "OOPClasses.Tests\OOPClasses.Tests.csproj", "{80906314-200D-46B7-BC58-7834ABB1A9D1}"
EndProject

Global
	GlobalSection(SolutionConfigurationPlatforms) = preSolution
		Debug|Any CPU = Debug|Any CPU
		Release|Any CPU = Release|Any CPU
	EndGlobalSection
	GlobalSection(ProjectConfigurationPlatforms) = postSolution
		{40663E01-D9FA-4B47-9564-72918789D974}.Debug|Any CPU.ActiveCfg = Debug|Any CPU
		{40663E01-D9FA-4B47-9564-72918789D974}.Debug|Any CPU.Build.0 = Debug|Any CPU
		{40663E01-D9FA-4B47-9564-72918789D974}.Release|Any CPU.ActiveCfg = Release|Any CPU
		{40663E01-D9FA-4B47-9564-72918789D974}.Release|Any CPU.Build.0 = Release|Any CPU
		{E2F3CAD0-CA1D-4964-ADA4-79E535495581}.Debug|Any CPU.ActiveCfg = Debug|Any CPU
		{E2F3CAD0-CA1D-4964-ADA4-79E535495581}.Debug|Any CPU.Build.0 = Debug|Any CPU
		{E2F3CAD0-CA1D-4964-ADA4-79E535495581}.Release|Any CPU.ActiveCfg = Release|Any CPU
		{E2F3CAD0-CA1D-4964-ADA4-79E535495581}.Release|Any CPU.Build.0 = Release|Any CPU
		{1BC27A05-42CB-4EA6-9B1E-ED78553C1FAA}.Debug|Any CPU.ActiveCfg = Debug|Any CPU
		{1BC27A05-42CB-4EA6-9B1E-ED78553C1FAA}.Debug|Any CPU.Build.0 = Debug|Any CPU
		{1BC27A05-42CB-4EA6-9B1E-ED78553C1FAA}.Release|Any CPU.ActiveCfg = Release|Any CPU
		{1BC27A05-42CB-4EA6-9B1E-ED78553C1FAA}.Release|Any CPU.Build.0 = Release|Any CPU
		{CE3DFAB0-23A0-4C5A-A312-30D3E5BE13DF}.Debug|Any CPU.ActiveCfg = Debug|Any CPU
		{CE3DFAB0-23A0-4C5A-A312-30D3E5BE13DF}.Debug|Any CPU.Build.0 = Debug|Any CPU
		{CE3DFAB0-23A0-4C5A-A312-30D3E5BE13DF}.Release|Any CPU.ActiveCfg = Release|Any CPU
		{CE3DFAB0-23A0-4C5A-A312-30D3E5BE13DF}.Release|Any CPU.Build.0 = Release|Any CPU
		{3B49A91E-3948-41BC-8BDE-4E754DF01BB5}.Debug|Any CPU.ActiveCfg = Debug|Any CPU
		{3B49A91E-3948-41BC-8BDE-4E754DF01BB5}.Debug|Any CPU.Build.0 = Debug|Any CPU
		{3B49A91E-3948-41BC-8BDE-4E754DF01BB5}.Release|Any CPU.ActiveCfg = Release|Any CPU
		{3B49A91E-3948-41BC-8BDE-4E754DF01BB5}.Release|Any CPU.Build.0 = Release|Any CPU
		{88319F1E-3CB3-4B21-A2B6-ABEE3502AA0E}.Debug|Any CPU.ActiveCfg = Debug|Any CPU
		{88319F1E-3CB3-4B21-A2B6-ABEE3502AA0E}.Debug|Any CPU.Build.0 = Debug|Any CPU
		{88319F1E-3CB3-4B21-A2B6-ABEE3502AA0E}.Release|Any CPU.ActiveCfg = Release|Any CPU
		{88319F1E-3CB3-4B21-A2B6-ABEE3502AA0E}.Release|Any CPU.Build.0 = Release|Any CPU
		{9EBECC98-8510-4F2C-BA5A-3B37D6E67D03}.Debug|Any CPU.ActiveCfg = Debug|Any CPU
		{9EBECC98-8510-4F2C-BA5A-3B37D6E67D03}.Debug|Any CPU.Build.0 = Debug|Any CPU
		{9EBECC98-8510-4F2C-BA5A-3B37D6E67D03}.Release|Any CPU.ActiveCfg = Release|Any CPU
		{9EBECC98-8510-4F2C-BA5A-3B37D6E67D03}.Release|Any CPU.Build.0 = Release|Any CPU
		{6CFC508A-1EB0-4991-AF21-749D718EB255}.Debug|Any CPU.ActiveCfg = Debug|Any CPU
		{6CFC508A-1EB0-4991-AF21-749D718EB255}.Debug|Any CPU.Build.0 = Debug|Any CPU
		{6CFC508A-1EB0-4991-AF21-749D718EB255}.Release|Any CPU.ActiveCfg = Release|Any CPU
		{6CFC508A-1EB0-4991-AF21-749D718EB255}.Release|Any CPU.Build.0 = Release|Any CPU
		{49B173C9-AC6D-4B43-9BC0-9F6BC79F180A}.Debug|Any CPU.ActiveCfg = Debug|Any CPU
		{49B173C9-AC6D-4B43-9BC0-9F6BC79F180A}.Debug|Any CPU.Build.0 = Debug|Any CPU
		{49B173C9-AC6D-4B43-9BC0-9F6BC79F180A}.Release|Any CPU.ActiveCfg = Release|Any CPU
		{49B173C9-AC6D-4B43-9BC0-9F6BC79F180A}.Release|Any CPU.Build.0 = Release|Any CPU

		{7417E117-8FCD-4912-AB93-41CC80E0D33E}.Debug|Any CPU.ActiveCfg = Debug|Any CPU
		{7417E117-8FCD-4912-AB93-41CC80E0D33E}.Debug|Any CPU.Build.0 = Debug|Any CPU
		{7417E117-8FCD-4912-AB93-41CC80E0D33E}.Release|Any CPU.ActiveCfg = Release|Any CPU
		{7417E117-8FCD-4912-AB93-41CC80E0D33E}.Release|Any CPU.Build.0 = Release|Any CPU
		{80906314-200D-46B7-BC58-7834ABB1A9D1}.Debug|Any CPU.ActiveCfg = Debug|Any CPU
		{80906314-200D-46B7-BC58-7834ABB1A9D1}.Debug|Any CPU.Build.0 = Debug|Any CPU
		{80906314-200D-46B7-BC58-7834ABB1A9D1}.Release|Any CPU.ActiveCfg = Release|Any CPU
		{80906314-200D-46B7-BC58-7834ABB1A9D1}.Release|Any CPU.Build.0 = Release|Any CPU
	EndGlobalSection
	GlobalSection(SolutionProperties) = preSolution
		HideSolutionNode = FALSE
	EndGlobalSection
	GlobalSection(ExtensibilityGlobals) = postSolution
		SolutionGuid = {2733891A-E532-4DFF-9D9B-F6D0B60B48EA}
	EndGlobalSection
EndGlobal
